
Microsoft Visual Studio Solution File, Format Version 12.00
# Visual Studio Version 16
VisualStudioVersion = 16.0.31410.357
MinimumVisualStudioVersion = 10.0.40219.1
Project("{FAE04EC0-301F-11D3-BF4B-00C04F79EFBC}") = "Memorial", "Memorial\Memorial.csproj", "{D776FC82-55EB-43B4-81EB-B8EF135B7F20}"
EndProject
Global
	GlobalSection(SolutionConfigurationPlatforms) = preSolution
		Debug|Any CPU = Debug|Any CPU
		Release|Any CPU = Release|Any CPU
	EndGlobalSection
	GlobalSection(ProjectConfigurationPlatforms) = postSolution
		{D776FC82-55EB-43B4-81EB-B8EF135B7F20}.Debug|Any CPU.ActiveCfg = Debug|Any CPU
		{D776FC82-55EB-43B4-81EB-B8EF135B7F20}.Debug|Any CPU.Build.0 = Debug|Any CPU
		{D776FC82-55EB-43B4-81EB-B8EF135B7F20}.Release|Any CPU.ActiveCfg = Release|Any CPU
		{D776FC82-55EB-43B4-81EB-B8EF135B7F20}.Release|Any CPU.Build.0 = Release|Any CPU
	EndGlobalSection
	GlobalSection(SolutionProperties) = preSolution
		HideSolutionNode = FALSE
	EndGlobalSection
	GlobalSection(ExtensibilityGlobals) = postSolution
		SolutionGuid = {C7C72529-D314-4489-904E-6DE0AD9A517E}
	EndGlobalSection
EndGlobal
